github.com/gocarina/gocsv v0.0.0-20180809181117-b8c38cb1ba36 h1:IlBbYij72r3CoD3fKTbP5jD0NJjrvemKsaxkW/QUdGE=
github.com/gocarina/gocsv v0.0.0-20180809181117-b8c38cb1ba36/go.mod h1:/oj50ZdPq/cUjA02lMZhijk5kR31SEydKyqah1OgBuo=
github.com/google/go-querystring v1.0.0 h1:Xkwi/a1rcvNg1PPYe5vI8GbeBY/jrVuDX5ASuANWTrk=
github.com/google/go-querystring v1.0.0/go.mod h1:odCYkC5MyYFN7vkCjXpyrEuKhc/BUO6wN/zVPAxq5ck=
github.com/gorilla/websocket v1.4.0 h1:WDFjx/TMzVgy9VdMMQi2K2Emtwi2QcUQsztZ/zLaH/Q=
github.com/gorilla/websocket v1.4.0/go.mod h1:E7qHFY5m1UJ88s3WnNqhKjPHQ0heANvMoAMk2YaljkQ=
gopkg.in/jarcoal/httpmock.v1 v1.0.0-20180719183105-8007e27cdb32 h1:30DLrQoRqdUHslVMzxuKUnY4GKJGk1/FJtKy3yx4TKE=
gopkg.in/jarcoal/httpmock.v1 v1.0.0-20180719183105-8007e27cdb32/go.mod h1:d3R+NllX3X5e0zlG1Rful3uLvsGC/Q3OHut5464DEQw=
